
Microsoft Visual Studio Solution File, Format Version 12.00
# Visual Studio Version 17
VisualStudioVersion = 17.0.31710.8
MinimumVisualStudioVersion = 10.0.40219.1
Project("{FAE04EC0-301F-11D3-BF4B-00C04F79EFBC}") = "CosoleApp", "CosoleApp\CosoleApp.csproj", "{9539ACEE-758C-4CEE-804C-6EBEFE9A041A}"
EndProject
Global
	GlobalSection(SolutionConfigurationPlatforms) = preSolution
		Debug|Any CPU = Debug|Any CPU
		Release|Any CPU = Release|Any CPU
	EndGlobalSection
	GlobalSection(ProjectConfigurationPlatforms) = postSolution
		{9539ACEE-758C-4CEE-804C-6EBEFE9A041A}.Debug|Any CPU.ActiveCfg = Debug|Any CPU
		{9539ACEE-758C-4CEE-804C-6EBEFE9A041A}.Debug|Any CPU.Build.0 = Debug|Any CPU
		{9539ACEE-758C-4CEE-804C-6EBEFE9A041A}.Release|Any CPU.ActiveCfg = Release|Any CPU
		{9539ACEE-758C-4CEE-804C-6EBEFE9A041A}.Release|Any CPU.Build.0 = Release|Any CPU
	EndGlobalSection
	GlobalSection(SolutionProperties) = preSolution
		HideSolutionNode = FALSE
	EndGlobalSection
	GlobalSection(ExtensibilityGlobals) = postSolution
		SolutionGuid = {5204530A-07EC-4630-943D-A55F0881DD31}
	EndGlobalSection
EndGlobal
